
Microsoft Visual Studio Solution File, Format Version 12.00
# Visual Studio Version 16
VisualStudioVersion = 16.0.29509.3
MinimumVisualStudioVersion = 10.0.40219.1
Project("{FAE04EC0-301F-11D3-BF4B-00C04F79EFBC}") = "Rezolvari", "Rezolvari.csproj", "{C44AB73D-FF05-41BF-BBA1-6AF282A0C352}"
EndProject
Global
	GlobalSection(SolutionConfigurationPlatforms) = preSolution
		Debug|Any CPU = Debug|Any CPU
		Release|Any CPU = Release|Any CPU
	EndGlobalSection
	GlobalSection(ProjectConfigurationPlatforms) = postSolution
		{C44AB73D-FF05-41BF-BBA1-6AF282A0C352}.Debug|Any CPU.ActiveCfg = Debug|Any CPU
		{C44AB73D-FF05-41BF-BBA1-6AF282A0C352}.Debug|Any CPU.Build.0 = Debug|Any CPU
		{C44AB73D-FF05-41BF-BBA1-6AF282A0C352}.Release|Any CPU.ActiveCfg = Release|Any CPU
		{C44AB73D-FF05-41BF-BBA1-6AF282A0C352}.Release|Any CPU.Build.0 = Release|Any CPU
	EndGlobalSection
	GlobalSection(SolutionProperties) = preSolution
		HideSolutionNode = FALSE
	EndGlobalSection
	GlobalSection(ExtensibilityGlobals) = postSolution
		SolutionGuid = {4AF9A50D-5215-4273-8DDE-BE65760D0E7F}
	EndGlobalSection
EndGlobal
